// !$*UTF8*$!
{
	archiveVersion = 1;
	classes = {
	};
	objectVersion = 48;
	objects = {

/* Begin PBXBuildFile section */
		B55D1C7B200B1C7500B93473 /* Conveniences.swift in Sources */ = {isa = PBXBuildFile; fileRef = B55D1C7A200B1C7500B93473 /* Conveniences.swift */; };
		B584BC2B2005CC73001BF1C3 /* Semantic_Versioning.framework in Frameworks */ = {isa = PBXBuildFile; fileRef = B584BC212005CC73001BF1C3 /* Semantic_Versioning.framework */; };
		B584BC302005CC73001BF1C3 /* Semantic_VersioningTests.swift in Sources */ = {isa = PBXBuildFile; fileRef = B584BC2F2005CC73001BF1C3 /* Semantic_VersioningTests.swift */; };
		B584BC322005CC73001BF1C3 /* Semantic_Versioning.h in Headers */ = {isa = PBXBuildFile; fileRef = B584BC242005CC73001BF1C3 /* Semantic_Versioning.h */; settings = {ATTRIBUTES = (Public, ); }; };
		B584BC3C2005CC86001BF1C3 /* Semantic Version.swift in Sources */ = {isa = PBXBuildFile; fileRef = B584BC3B2005CC86001BF1C3 /* Semantic Version.swift */; };
/* End PBXBuildFile section */

/* Begin PBXContainerItemProxy section */
		B584BC2C2005CC73001BF1C3 /* PBXContainerItemProxy */ = {
			isa = PBXContainerItemProxy;
			containerPortal = B584BC182005CC73001BF1C3 /* Project object */;
			proxyType = 1;
			remoteGlobalIDString = B584BC202005CC73001BF1C3;
			remoteInfo = "Semantic Versioning";
		};
/* End PBXContainerItemProxy section */

/* Begin PBXFileReference section */
		B55D1C7A200B1C7500B93473 /* Conveniences.swift */ = {isa = PBXFileReference; lastKnownFileType = sourcecode.swift; path = Conveniences.swift; sourceTree = "<group>"; };
		B584BC212005CC73001BF1C3 /* Semantic_Versioning.framework */ = {isa = PBXFileReference; explicitFileType = wrapper.framework; includeInIndex = 0; path = Semantic_Versioning.framework; sourceTree = BUILT_PRODUCTS_DIR; };
		B584BC242005CC73001BF1C3 /* Semantic_Versioning.h */ = {isa = PBXFileReference; lastKnownFileType = sourcecode.c.h; path = Semantic_Versioning.h; sourceTree = "<group>"; };
		B584BC252005CC73001BF1C3 /* Info.plist */ = {isa = PBXFileReference; lastKnownFileType = text.plist.xml; path = Info.plist; sourceTree = "<group>"; };
		B584BC2A2005CC73001BF1C3 /* Semantic VersioningTests.xctest */ = {isa = PBXFileReference; explicitFileType = wrapper.cfbundle; includeInIndex = 0; path = "Semantic VersioningTests.xctest"; sourceTree = BUILT_PRODUCTS_DIR; };
		B584BC2F2005CC73001BF1C3 /* Semantic_VersioningTests.swift */ = {isa = PBXFileReference; lastKnownFileType = sourcecode.swift; path = Semantic_VersioningTests.swift; sourceTree = "<group>"; };
		B584BC312005CC73001BF1C3 /* Info.plist */ = {isa = PBXFileReference; lastKnownFileType = text.plist.xml; path = Info.plist; sourceTree = "<group>"; };
		B584BC3B2005CC86001BF1C3 /* Semantic Version.swift */ = {isa = PBXFileReference; lastKnownFileType = sourcecode.swift; path = "Semantic Version.swift"; sourceTree = "<group>"; };
/* End PBXFileReference section */

/* Begin PBXFrameworksBuildPhase section */
		B584BC1D2005CC73001BF1C3 /* Frameworks */ = {
			isa = PBXFrameworksBuildPhase;
			buildActionMask = 2147483647;
			files = (
			);
			runOnlyForDeploymentPostprocessing = 0;
		};
		B584BC272005CC73001BF1C3 /* Frameworks */ = {
			isa = PBXFrameworksBuildPhase;
			buildActionMask = 2147483647;
			files = (
				B584BC2B2005CC73001BF1C3 /* Semantic_Versioning.framework in Frameworks */,
			);
			runOnlyForDeploymentPostprocessing = 0;
		};
/* End PBXFrameworksBuildPhase section */

/* Begin PBXGroup section */
		B584BC172005CC73001BF1C3 = {
			isa = PBXGroup;
			children = (
				B584BC232005CC73001BF1C3 /* Semantic Versioning */,
				B584BC2E2005CC73001BF1C3 /* Semantic VersioningTests */,
				B584BC222005CC73001BF1C3 /* Products */,
			);
			sourceTree = "<group>";
		};
		B584BC222005CC73001BF1C3 /* Products */ = {
			isa = PBXGroup;
			children = (
				B584BC212005CC73001BF1C3 /* Semantic_Versioning.framework */,
				B584BC2A2005CC73001BF1C3 /* Semantic VersioningTests.xctest */,
			);
			name = Products;
			sourceTree = "<group>";
		};
		B584BC232005CC73001BF1C3 /* Semantic Versioning */ = {
			isa = PBXGroup;
			children = (
				B584BC242005CC73001BF1C3 /* Semantic_Versioning.h */,
				B584BC252005CC73001BF1C3 /* Info.plist */,
				B584BC3B2005CC86001BF1C3 /* Semantic Version.swift */,
				B55D1C7A200B1C7500B93473 /* Conveniences.swift */,
			);
			path = "Semantic Versioning";
			sourceTree = "<group>";
		};
		B584BC2E2005CC73001BF1C3 /* Semantic VersioningTests */ = {
			isa = PBXGroup;
			children = (
				B584BC2F2005CC73001BF1C3 /* Semantic_VersioningTests.swift */,
				B584BC312005CC73001BF1C3 /* Info.plist */,
			);
			path = "Semantic VersioningTests";
			sourceTree = "<group>";
		};
/* End PBXGroup section */

/* Begin PBXHeadersBuildPhase section */
		B584BC1E2005CC73001BF1C3 /* Headers */ = {
			isa = PBXHeadersBuildPhase;
			buildActionMask = 2147483647;
			files = (
				B584BC322005CC73001BF1C3 /* Semantic_Versioning.h in Headers */,
			);
			runOnlyForDeploymentPostprocessing = 0;
		};
/* End PBXHeadersBuildPhase section */

/* Begin PBXNativeTarget section */
		B584BC202005CC73001BF1C3 /* Semantic Versioning */ = {
			isa = PBXNativeTarget;
			buildConfigurationList = B584BC352005CC73001BF1C3 /* Build configuration list for PBXNativeTarget "Semantic Versioning" */;
			buildPhases = (
				B584BC1C2005CC73001BF1C3 /* Sources */,
				B584BC1D2005CC73001BF1C3 /* Frameworks */,
				B584BC1E2005CC73001BF1C3 /* Headers */,
				B584BC1F2005CC73001BF1C3 /* Resources */,
			);
			buildRules = (
			);
			dependencies = (
			);
			name = "Semantic Versioning";
			productName = "Semantic Versioning";
			productReference = B584BC212005CC73001BF1C3 /* Semantic_Versioning.framework */;
			productType = "com.apple.product-type.framework";
		};
		B584BC292005CC73001BF1C3 /* Semantic VersioningTests */ = {
			isa = PBXNativeTarget;
			buildConfigurationList = B584BC382005CC73001BF1C3 /* Build configuration list for PBXNativeTarget "Semantic VersioningTests" */;
			buildPhases = (
				B584BC262005CC73001BF1C3 /* Sources */,
				B584BC272005CC73001BF1C3 /* Frameworks */,
				B584BC282005CC73001BF1C3 /* Resources */,
			);
			buildRules = (
			);
			dependencies = (
				B584BC2D2005CC73001BF1C3 /* PBXTargetDependency */,
			);
			name = "Semantic VersioningTests";
			productName = "Semantic VersioningTests";
			productReference = B584BC2A2005CC73001BF1C3 /* Semantic VersioningTests.xctest */;
			productType = "com.apple.product-type.bundle.unit-test";
		};
/* End PBXNativeTarget section */

/* Begin PBXProject section */
		B584BC182005CC73001BF1C3 /* Project object */ = {
			isa = PBXProject;
			attributes = {
				LastSwiftUpdateCheck = 0920;
				LastUpgradeCheck = 0920;
				ORGANIZATIONNAME = "Ben Leggiero";
				TargetAttributes = {
					B584BC202005CC73001BF1C3 = {
						CreatedOnToolsVersion = 9.2;
						LastSwiftMigration = 0920;
						ProvisioningStyle = Automatic;
					};
					B584BC292005CC73001BF1C3 = {
						CreatedOnToolsVersion = 9.2;
						ProvisioningStyle = Automatic;
					};
				};
			};
			buildConfigurationList = B584BC1B2005CC73001BF1C3 /* Build configuration list for PBXProject "Semantic Versioning" */;
			compatibilityVersion = "Xcode 8.0";
			developmentRegion = en;
			hasScannedForEncodings = 0;
			knownRegions = (
				en,
			);
			mainGroup = B584BC172005CC73001BF1C3;
			productRefGroup = B584BC222005CC73001BF1C3 /* Products */;
			projectDirPath = "";
			projectRoot = "";
			targets = (
				B584BC202005CC73001BF1C3 /* Semantic Versioning */,
				B584BC292005CC73001BF1C3 /* Semantic VersioningTests */,
			);
		};
/* End PBXProject section */

/* Begin PBXResourcesBuildPhase section */
		B584BC1F2005CC73001BF1C3 /* Resources */ = {
			isa = PBXResourcesBuildPhase;
			buildActionMask = 2147483647;
			files = (
			);
			runOnlyForDeploymentPostprocessing = 0;
		};
		B584BC282005CC73001BF1C3 /* Resources */ = {
			isa = PBXResourcesBuildPhase;
			buildActionMask = 2147483647;
			files = (
			);
			runOnlyForDeploymentPostprocessing = 0;
		};
/* End PBXResourcesBuildPhase section */

/* Begin PBXSourcesBuildPhase section */
		B584BC1C2005CC73001BF1C3 /* Sources */ = {
			isa = PBXSourcesBuildPhase;
			buildActionMask = 2147483647;
			files = (
				B584BC3C2005CC86001BF1C3 /* Semantic Version.swift in Sources */,
				B55D1C7B200B1C7500B93473 /* Conveniences.swift in Sources */,
			);
			runOnlyForDeploymentPostprocessing = 0;
		};
		B584BC262005CC73001BF1C3 /* Sources */ = {
			isa = PBXSourcesBuildPhase;
			buildActionMask = 2147483647;
			files = (
				B584BC302005CC73001BF1C3 /* Semantic_VersioningTests.swift in Sources */,
			);
			runOnlyForDeploymentPostprocessing = 0;
		};
/* End PBXSourcesBuildPhase section */

/* Begin PBXTargetDependency section */
		B584BC2D2005CC73001BF1C3 /* PBXTargetDependency */ = {
			isa = PBXTargetDependency;
			target = B584BC202005CC73001BF1C3 /* Semantic Versioning */;
			targetProxy = B584BC2C2005CC73001BF1C3 /* PBXContainerItemProxy */;
		};
/* End PBXTargetDependency section */

/* Begin XCBuildConfiguration section */
		B584BC332005CC73001BF1C3 /* Debug */ = {
			isa = XCBuildConfiguration;
			buildSettings = {
				ALWAYS_SEARCH_USER_PATHS = NO;
				CLANG_ANALYZER_NONNULL = YES;
				CLANG_ANALYZER_NUMBER_OBJECT_CONVERSION = YES_AGGRESSIVE;
				CLANG_CXX_LANGUAGE_STANDARD = "gnu++14";
				CLANG_CXX_LIBRARY = "libc++";
				CLANG_ENABLE_MODULES = YES;
				CLANG_ENABLE_OBJC_ARC = YES;
				CLANG_WARN_BLOCK_CAPTURE_AUTORELEASING = YES;
				CLANG_WARN_BOOL_CONVERSION = YES;
				CLANG_WARN_COMMA = YES;
				CLANG_WARN_CONSTANT_CONVERSION = YES;
				CLANG_WARN_DIRECT_OBJC_ISA_USAGE = YES_ERROR;
				CLANG_WARN_DOCUMENTATION_COMMENTS = YES;
				CLANG_WARN_EMPTY_BODY = YES;
				CLANG_WARN_ENUM_CONVERSION = YES;
				CLANG_WARN_INFINITE_RECURSION = YES;
				CLANG_WARN_INT_CONVERSION = YES;
				CLANG_WARN_NON_LITERAL_NULL_CONVERSION = YES;
				CLANG_WARN_OBJC_LITERAL_CONVERSION = YES;
				CLANG_WARN_OBJC_ROOT_CLASS = YES_ERROR;
				CLANG_WARN_RANGE_LOOP_ANALYSIS = YES;
				CLANG_WARN_STRICT_PROTOTYPES = YES;
				CLANG_WARN_SUSPICIOUS_MOVE = YES;
				CLANG_WARN_UNGUARDED_AVAILABILITY = YES_AGGRESSIVE;
				CLANG_WARN_UNREACHABLE_CODE = YES;
				CLANG_WARN__DUPLICATE_METHOD_MATCH = YES;
				CODE_SIGN_IDENTITY = "-";
				COPY_PHASE_STRIP = NO;
				CURRENT_PROJECT_VERSION = 1;
				DEBUG_INFORMATION_FORMAT = dwarf;
				ENABLE_STRICT_OBJC_MSGSEND = YES;
				ENABLE_TESTABILITY = YES;
				GCC_C_LANGUAGE_STANDARD = gnu11;
				GCC_DYNAMIC_NO_PIC = NO;
				GCC_NO_COMMON_BLOCKS = YES;
				GCC_OPTIMIZATION_LEVEL = 0;
				GCC_PREPROCESSOR_DEFINITIONS = (
					"DEBUG=1",
					"$(inherited)",
				);
				GCC_WARN_64_TO_32_BIT_CONVERSION = YES;
				GCC_WARN_ABOUT_RETURN_TYPE = YES_ERROR;
				GCC_WARN_UNDECLARED_SELECTOR = YES;
				GCC_WARN_UNINITIALIZED_AUTOS = YES_AGGRESSIVE;
				GCC_WARN_UNUSED_FUNCTION = YES;
				GCC_WARN_UNUSED_VARIABLE = YES;
				MACOSX_DEPLOYMENT_TARGET = 10.12;
				MTL_ENABLE_DEBUG_INFO = YES;
				ONLY_ACTIVE_ARCH = YES;
				SDKROOT = macosx;
				SWIFT_ACTIVE_COMPILATION_CONDITIONS = DEBUG;
				SWIFT_OPTIMIZATION_LEVEL = "-Onone";
				VERSIONING_SYSTEM = "apple-generic";
				VERSION_INFO_PREFIX = "";
			};
			name = Debug;
		};
		B584BC342005CC73001BF1C3 /* Release */ = {
			isa = XCBuildConfiguration;
			buildSettings = {
				ALWAYS_SEARCH_USER_PATHS = NO;
				CLANG_ANALYZER_NONNULL = YES;
				CLANG_ANALYZER_NUMBER_OBJECT_CONVERSION = YES_AGGRESSIVE;
				CLANG_CXX_LANGUAGE_STANDARD = "gnu++14";
				CLANG_CXX_LIBRARY = "libc++";
				CLANG_ENABLE_MODULES = YES;
				CLANG_ENABLE_OBJC_ARC = YES;
				CLANG_WARN_BLOCK_CAPTURE_AUTORELEASING = YES;
				CLANG_WARN_BOOL_CONVERSION = YES;
				CLANG_WARN_COMMA = YES;
				CLANG_WARN_CONSTANT_CONVERSION = YES;
				CLANG_WARN_DIRECT_OBJC_ISA_USAGE = YES_ERROR;
				CLANG_WARN_DOCUMENTATION_COMMENTS = YES;
				CLANG_WARN_EMPTY_BODY = YES;
				CLANG_WARN_ENUM_CONVERSION = YES;
				CLANG_WARN_INFINITE_RECURSION = YES;
				CLANG_WARN_INT_CONVERSION = YES;
				CLANG_WARN_NON_LITERAL_NULL_CONVERSION = YES;
				CLANG_WARN_OBJC_LITERAL_CONVERSION = YES;
				CLANG_WARN_OBJC_ROOT_CLASS = YES_ERROR;
				CLANG_WARN_RANGE_LOOP_ANALYSIS = YES;
				CLANG_WARN_STRICT_PROTOTYPES = YES;
				CLANG_WARN_SUSPICIOUS_MOVE = YES;
				CLANG_WARN_UNGUARDED_AVAILABILITY = YES_AGGRESSIVE;
				CLANG_WARN_UNREACHABLE_CODE = YES;
				CLANG_WARN__DUPLICATE_METHOD_MATCH = YES;
				CODE_SIGN_IDENTITY = "-";
				COPY_PHASE_STRIP = NO;
				CURRENT_PROJECT_VERSION = 1;
				DEBUG_INFORMATION_FORMAT = "dwarf-with-dsym";
				ENABLE_NS_ASSERTIONS = NO;
				ENABLE_STRICT_OBJC_MSGSEND = YES;
				GCC_C_LANGUAGE_STANDARD = gnu11;
				GCC_NO_COMMON_BLOCKS = YES;
				GCC_WARN_64_TO_32_BIT_CONVERSION = YES;
				GCC_WARN_ABOUT_RETURN_TYPE = YES_ERROR;
				GCC_WARN_UNDECLARED_SELECTOR = YES;
				GCC_WARN_UNINITIALIZED_AUTOS = YES_AGGRESSIVE;
				GCC_WARN_UNUSED_FUNCTION = YES;
				GCC_WARN_UNUSED_VARIABLE = YES;
				MACOSX_DEPLOYMENT_TARGET = 10.12;
				MTL_ENABLE_DEBUG_INFO = NO;
				SDKROOT = macosx;
				SWIFT_OPTIMIZATION_LEVEL = "-Owholemodule";
				VERSIONING_SYSTEM = "apple-generic";
				VERSION_INFO_PREFIX = "";
			};
			name = Release;
		};
		B584BC362005CC73001BF1C3 /* Debug */ = {
			isa = XCBuildConfiguration;
			buildSettings = {
				CLANG_ENABLE_MODULES = YES;
				CODE_SIGN_IDENTITY = "";
				CODE_SIGN_STYLE = Automatic;
				COMBINE_HIDPI_IMAGES = YES;
				DEFINES_MODULE = YES;
				DYLIB_COMPATIBILITY_VERSION = 1;
				DYLIB_CURRENT_VERSION = 1;
				DYLIB_INSTALL_NAME_BASE = "@rpath";
				FRAMEWORK_VERSION = A;
				INFOPLIST_FILE = "Semantic Versioning/Info.plist";
				INSTALL_PATH = "$(LOCAL_LIBRARY_DIR)/Frameworks";
				LD_RUNPATH_SEARCH_PATHS = "$(inherited) @executable_path/../Frameworks @loader_path/Frameworks";
				PRODUCT_BUNDLE_IDENTIFIER = "me.benleggiero.Semantic-Versioning";
				PRODUCT_NAME = "$(TARGET_NAME:c99extidentifier)";
				SKIP_INSTALL = YES;
				SWIFT_OPTIMIZATION_LEVEL = "-Onone";
				SWIFT_VERSION = 4.0;
			};
			name = Debug;
		};
		B584BC372005CC73001BF1C3 /* Release */ = {
			isa = XCBuildConfiguration;
			buildSettings = {
				CLANG_ENABLE_MODULES = YES;
				CODE_SIGN_IDENTITY = "";
				CODE_SIGN_STYLE = Automatic;
				COMBINE_HIDPI_IMAGES = YES;
				DEFINES_MODULE = YES;
				DYLIB_COMPATIBILITY_VERSION = 1;
				DYLIB_CURRENT_VERSION = 1;
				DYLIB_INSTALL_NAME_BASE = "@rpath";
				FRAMEWORK_VERSION = A;
				INFOPLIST_FILE = "Semantic Versioning/Info.plist";
				INSTALL_PATH = "$(LOCAL_LIBRARY_DIR)/Frameworks";
				LD_RUNPATH_SEARCH_PATHS = "$(inherited) @executable_path/../Frameworks @loader_path/Frameworks";
				PRODUCT_BUNDLE_IDENTIFIER = "me.benleggiero.Semantic-Versioning";
				PRODUCT_NAME = "$(TARGET_NAME:c99extidentifier)";
				SKIP_INSTALL = YES;
				SWIFT_VERSION = 4.0;
			};
			name = Release;
		};
		B584BC392005CC73001BF1C3 /* Debug */ = {
			isa = XCBuildConfiguration;
			buildSettings = {
				ALWAYS_EMBED_SWIFT_STANDARD_LIBRARIES = YES;
				CODE_SIGN_STYLE = Automatic;
				COMBINE_HIDPI_IMAGES = YES;
				INFOPLIST_FILE = "Semantic VersioningTests/Info.plist";
				LD_RUNPATH_SEARCH_PATHS = "$(inherited) @executable_path/../Frameworks @loader_path/../Frameworks";
				PRODUCT_BUNDLE_IDENTIFIER = "me.benleggiero.Semantic-VersioningTests";
				PRODUCT_NAME = "$(TARGET_NAME)";
				SWIFT_VERSION = 4.0;
			};
			name = Debug;
		};
		B584BC3A2005CC73001BF1C3 /* Release */ = {
			isa = XCBuildConfiguration;
			buildSettings = {
				ALWAYS_EMBED_SWIFT_STANDARD_LIBRARIES = YES;
				CODE_SIGN_STYLE = Automatic;
				COMBINE_HIDPI_IMAGES = YES;
				INFOPLIST_FILE = "Semantic VersioningTests/Info.plist";
				LD_RUNPATH_SEARCH_PATHS = "$(inherited) @executable_path/../Frameworks @loader_path/../Frameworks";
				PRODUCT_BUNDLE_IDENTIFIER = "me.benleggiero.Semantic-VersioningTests";
				PRODUCT_NAME = "$(TARGET_NAME)";
				SWIFT_VERSION = 4.0;
			};
			name = Release;
		};
/* End XCBuildConfiguration section */

/* Begin XCConfigurationList section */
		B584BC1B2005CC73001BF1C3 /* Build configuration list for PBXProject "Semantic Versioning" */ = {
			isa = XCConfigurationList;
			buildConfigurations = (
				B584BC332005CC73001BF1C3 /* Debug */,
				B584BC342005CC73001BF1C3 /* Release */,
			);
			defaultConfigurationIsVisible = 0;
			defaultConfigurationName = Release;
		};
		B584BC352005CC73001BF1C3 /* Build configuration list for PBXNativeTarget "Semantic Versioning" */ = {
			isa = XCConfigurationList;
			buildConfigurations = (
				B584BC362005CC73001BF1C3 /* Debug */,
				B584BC372005CC73001BF1C3 /* Release */,
			);
			defaultConfigurationIsVisible = 0;
			defaultConfigurationName = Release;
		};
		B584BC382005CC73001BF1C3 /* Build configuration list for PBXNativeTarget "Semantic VersioningTests" */ = {
			isa = XCConfigurationList;
			buildConfigurations = (
				B584BC392005CC73001BF1C3 /* Debug */,
				B584BC3A2005CC73001BF1C3 /* Release */,
			);
			defaultConfigurationIsVisible = 0;
			defaultConfigurationName = Release;
		};
/* End XCConfigurationList section */
	};
	rootObject = B584BC182005CC73001BF1C3 /* Project object */;
}
